{
  "name": "myapp",
  "version": "1.0.0",
  "lockfileVersion": 3,
  "requires": true,
  "packages": {
    "": {
      "name": "myapp",
      "version": "1.0.0",
      "license": "ISC",
      "dependencies": {
        "daisyui": "^5.0.4"
      },
      "devDependencies": {}
    },
    "node_modules/daisyui": {
      "version": "5.0.4",
      "resolved": "https://registry.npmjs.org/daisyui/-/daisyui-5.0.4.tgz",
      "integrity": "sha512-9X3oX/k9hPBCslAECk8kYfvwgrz6Grs0lN7VI0/ZTM/hUfq1uFREHxCcBCCq0QROpN183N19B1hTNRWGipO2Eg==",
      "license": "MIT",
      "funding": {
        "url": "https://github.com/saadeghi/daisyui?sponsor=1"
      }
    }
  }
}
