{
  "name": "myapp",
  "version": "1.0.0",
  "lockfileVersion": 3,
  "requires": true,
  "packages": {
    "": {
      "name": "myapp",
      "version": "1.0.0",
      "license": "ISC",
      "dependencies": {
        "daisyui": "^5.0.9"
      }
    },
    "node_modules/daisyui": {
      "version": "5.0.9",
      "resolved": "https://registry.npmjs.org/daisyui/-/daisyui-5.0.9.tgz",
      "integrity": "sha512-RsaehHh45f+0shWgZZaOY09/8eOae2voRsqJCD71j9yrnYgcke0Nj5ys0ZxrW4SPcc4+q96kWyJu0Z8P1zZdoA==",
      "license": "MIT",
      "funding": {
        "url": "https://github.com/saadeghi/daisyui?sponsor=1"
      }
    }
  }
}
